# THIS IS AN AUTOGENERATED FILE. DO NOT EDIT THIS FILE DIRECTLY.
# yarn lockfile v1


simplelightbox@^2.10.2:
  version "2.10.2"
  resolved "https://registry.yarnpkg.com/simplelightbox/-/simplelightbox-2.10.2.tgz#af1d0d6443c2b937527c5478191879df86053dba"
  integrity sha512-mH+3q8kfciK5bIWsTcUa/nGruV2Hnq3hOrJLEpC7JtcdgNjEX6ZqqcBN1ccRNYZvG3saac4Hw0ya4z2aUXiWQQ==
